
Microsoft Visual Studio Solution File, Format Version 12.00
# Visual Studio 15
VisualStudioVersion = 15.0.26124.0
MinimumVisualStudioVersion = 15.0.26124.0
Project("{FAE04EC0-301F-11D3-BF4B-00C04F79EFBC}") = "WeDev.Extensions.Threading", "WeDev.Extensions.Threading\WeDev.Extensions.Threading.csproj", "{C9600E9D-696B-4ADB-8955-B7264F056F27}"
EndProject
Project("{FAE04EC0-301F-11D3-BF4B-00C04F79EFBC}") = "WeDev.Extensions.Threading.Tests", "WeDev.Extensions.Threading.Tests\WeDev.Extensions.Threading.Tests.csproj", "{9BD00A6C-33F2-42BF-B381-9898A4F5841D}"
EndProject
Global
	GlobalSection(SolutionConfigurationPlatforms) = preSolution
		Debug|Any CPU = Debug|Any CPU
		Debug|x64 = Debug|x64
		Debug|x86 = Debug|x86
		Release|Any CPU = Release|Any CPU
		Release|x64 = Release|x64
		Release|x86 = Release|x86
	EndGlobalSection
	GlobalSection(SolutionProperties) = preSolution
		HideSolutionNode = FALSE
	EndGlobalSection
	GlobalSection(ProjectConfigurationPlatforms) = postSolution
		{C9600E9D-696B-4ADB-8955-B7264F056F27}.Debug|Any CPU.ActiveCfg = Debug|Any CPU
		{C9600E9D-696B-4ADB-8955-B7264F056F27}.Debug|Any CPU.Build.0 = Debug|Any CPU
		{C9600E9D-696B-4ADB-8955-B7264F056F27}.Debug|x64.ActiveCfg = Debug|Any CPU
		{C9600E9D-696B-4ADB-8955-B7264F056F27}.Debug|x64.Build.0 = Debug|Any CPU
		{C9600E9D-696B-4ADB-8955-B7264F056F27}.Debug|x86.ActiveCfg = Debug|Any CPU
		{C9600E9D-696B-4ADB-8955-B7264F056F27}.Debug|x86.Build.0 = Debug|Any CPU
		{C9600E9D-696B-4ADB-8955-B7264F056F27}.Release|Any CPU.ActiveCfg = Release|Any CPU
		{C9600E9D-696B-4ADB-8955-B7264F056F27}.Release|Any CPU.Build.0 = Release|Any CPU
		{C9600E9D-696B-4ADB-8955-B7264F056F27}.Release|x64.ActiveCfg = Release|Any CPU
		{C9600E9D-696B-4ADB-8955-B7264F056F27}.Release|x64.Build.0 = Release|Any CPU
		{C9600E9D-696B-4ADB-8955-B7264F056F27}.Release|x86.ActiveCfg = Release|Any CPU
		{C9600E9D-696B-4ADB-8955-B7264F056F27}.Release|x86.Build.0 = Release|Any CPU
		{9BD00A6C-33F2-42BF-B381-9898A4F5841D}.Debug|Any CPU.ActiveCfg = Debug|Any CPU
		{9BD00A6C-33F2-42BF-B381-9898A4F5841D}.Debug|Any CPU.Build.0 = Debug|Any CPU
		{9BD00A6C-33F2-42BF-B381-9898A4F5841D}.Debug|x64.ActiveCfg = Debug|Any CPU
		{9BD00A6C-33F2-42BF-B381-9898A4F5841D}.Debug|x64.Build.0 = Debug|Any CPU
		{9BD00A6C-33F2-42BF-B381-9898A4F5841D}.Debug|x86.ActiveCfg = Debug|Any CPU
		{9BD00A6C-33F2-42BF-B381-9898A4F5841D}.Debug|x86.Build.0 = Debug|Any CPU
		{9BD00A6C-33F2-42BF-B381-9898A4F5841D}.Release|Any CPU.ActiveCfg = Release|Any CPU
		{9BD00A6C-33F2-42BF-B381-9898A4F5841D}.Release|Any CPU.Build.0 = Release|Any CPU
		{9BD00A6C-33F2-42BF-B381-9898A4F5841D}.Release|x64.ActiveCfg = Release|Any CPU
		{9BD00A6C-33F2-42BF-B381-9898A4F5841D}.Release|x64.Build.0 = Release|Any CPU
		{9BD00A6C-33F2-42BF-B381-9898A4F5841D}.Release|x86.ActiveCfg = Release|Any CPU
		{9BD00A6C-33F2-42BF-B381-9898A4F5841D}.Release|x86.Build.0 = Release|Any CPU
	EndGlobalSection
EndGlobal
